
Microsoft Visual Studio Solution File, Format Version 12.00
# Visual Studio Version 16
VisualStudioVersion = 16.0.31112.23
MinimumVisualStudioVersion = 10.0.40219.1
Project("{FAE04EC0-301F-11D3-BF4B-00C04F79EFBC}") = "TP4", "TP4\TP4.csproj", "{7283AD55-67DD-4690-9540-B1AF79B7C77B}"
EndProject
Global
	GlobalSection(SolutionConfigurationPlatforms) = preSolution
		Debug|Any CPU = Debug|Any CPU
		Release|Any CPU = Release|Any CPU
	EndGlobalSection
	GlobalSection(ProjectConfigurationPlatforms) = postSolution
		{7283AD55-67DD-4690-9540-B1AF79B7C77B}.Debug|Any CPU.ActiveCfg = Debug|Any CPU
		{7283AD55-67DD-4690-9540-B1AF79B7C77B}.Debug|Any CPU.Build.0 = Debug|Any CPU
		{7283AD55-67DD-4690-9540-B1AF79B7C77B}.Release|Any CPU.ActiveCfg = Release|Any CPU
		{7283AD55-67DD-4690-9540-B1AF79B7C77B}.Release|Any CPU.Build.0 = Release|Any CPU
	EndGlobalSection
	GlobalSection(SolutionProperties) = preSolution
		HideSolutionNode = FALSE
	EndGlobalSection
	GlobalSection(ExtensibilityGlobals) = postSolution
		SolutionGuid = {7D56C585-989D-485C-807C-C1F1B2376B39}
	EndGlobalSection
EndGlobal
